// !$*UTF8*$!
{
	archiveVersion = 1;
	classes = {
	};
	objectVersion = 46;
	objects = {

/* Begin PBXBuildFile section */
		CC5961B81D9E1B9700D43F28 /* main.m in Sources */ = {isa = PBXBuildFile; fileRef = CC5961B71D9E1B9700D43F28 /* main.m */; };
		CC5961BB1D9E1B9700D43F28 /* AppDelegate.m in Sources */ = {isa = PBXBuildFile; fileRef = CC5961BA1D9E1B9700D43F28 /* AppDelegate.m */; };
		CC5961BE1D9E1B9700D43F28 /* ViewController.m in Sources */ = {isa = PBXBuildFile; fileRef = CC5961BD1D9E1B9700D43F28 /* ViewController.m */; };
		CC5961C11D9E1B9700D43F28 /* Main.storyboard in Resources */ = {isa = PBXBuildFile; fileRef = CC5961BF1D9E1B9700D43F28 /* Main.storyboard */; };
		CC5961C31D9E1B9700D43F28 /* Assets.xcassets in Resources */ = {isa = PBXBuildFile; fileRef = CC5961C21D9E1B9700D43F28 /* Assets.xcassets */; };
		CC5961C61D9E1B9700D43F28 /* LaunchScreen.storyboard in Resources */ = {isa = PBXBuildFile; fileRef = CC5961C41D9E1B9700D43F28 /* LaunchScreen.storyboard */; };
		D6EEFED5A4506EAA4A153936 /* libPods-YueXian.a in Frameworks */ = {isa = PBXBuildFile; fileRef = A37797343592B19BBCA49F99 /* libPods-YueXian.a */; };
/* End PBXBuildFile section */

/* Begin PBXFileReference section */
		0261A67A89FF4AA82F2C8279 /* Pods-YueXian.debug.xcconfig */ = {isa = PBXFileReference; includeInIndex = 1; lastKnownFileType = text.xcconfig; name = "Pods-YueXian.debug.xcconfig"; path = "Pods/Target Support Files/Pods-YueXian/Pods-YueXian.debug.xcconfig"; sourceTree = "<group>"; };
		A37797343592B19BBCA49F99 /* libPods-YueXian.a */ = {isa = PBXFileReference; explicitFileType = archive.ar; includeInIndex = 0; path = "libPods-YueXian.a"; sourceTree = BUILT_PRODUCTS_DIR; };
		CC5961B31D9E1B9700D43F28 /* YueXian.app */ = {isa = PBXFileReference; explicitFileType = wrapper.application; includeInIndex = 0; path = YueXian.app; sourceTree = BUILT_PRODUCTS_DIR; };
		CC5961B71D9E1B9700D43F28 /* main.m */ = {isa = PBXFileReference; lastKnownFileType = sourcecode.c.objc; path = main.m; sourceTree = "<group>"; };
		CC5961B91D9E1B9700D43F28 /* AppDelegate.h */ = {isa = PBXFileReference; lastKnownFileType = sourcecode.c.h; path = AppDelegate.h; sourceTree = "<group>"; };
		CC5961BA1D9E1B9700D43F28 /* AppDelegate.m */ = {isa = PBXFileReference; lastKnownFileType = sourcecode.c.objc; path = AppDelegate.m; sourceTree = "<group>"; };
		CC5961BC1D9E1B9700D43F28 /* ViewController.h */ = {isa = PBXFileReference; lastKnownFileType = sourcecode.c.h; path = ViewController.h; sourceTree = "<group>"; };
		CC5961BD1D9E1B9700D43F28 /* ViewController.m */ = {isa = PBXFileReference; lastKnownFileType = sourcecode.c.objc; path = ViewController.m; sourceTree = "<group>"; };
		CC5961C01D9E1B9700D43F28 /* Base */ = {isa = PBXFileReference; lastKnownFileType = file.storyboard; name = Base; path = Base.lproj/Main.storyboard; sourceTree = "<group>"; };
		CC5961C21D9E1B9700D43F28 /* Assets.xcassets */ = {isa = PBXFileReference; lastKnownFileType = folder.assetcatalog; path = Assets.xcassets; sourceTree = "<group>"; };
		CC5961C51D9E1B9700D43F28 /* Base */ = {isa = PBXFileReference; lastKnownFileType = file.storyboard; name = Base; path = Base.lproj/LaunchScreen.storyboard; sourceTree = "<group>"; };
		CC5961C71D9E1B9700D43F28 /* Info.plist */ = {isa = PBXFileReference; lastKnownFileType = text.plist.xml; path = Info.plist; sourceTree = "<group>"; };
		CF17272B7E3C5A6082047B98 /* Pods-YueXian.release.xcconfig */ = {isa = PBXFileReference; includeInIndex = 1; lastKnownFileType = text.xcconfig; name = "Pods-YueXian.release.xcconfig"; path = "Pods/Target Support Files/Pods-YueXian/Pods-YueXian.release.xcconfig"; sourceTree = "<group>"; };
/* End PBXFileReference section */

/* Begin PBXFrameworksBuildPhase section */
		CC5961B01D9E1B9700D43F28 /* Frameworks */ = {
			isa = PBXFrameworksBuildPhase;
			buildActionMask = 2147483647;
			files = (
				D6EEFED5A4506EAA4A153936 /* libPods-YueXian.a in Frameworks */,
			);
			runOnlyForDeploymentPostprocessing = 0;
		};
/* End PBXFrameworksBuildPhase section */

/* Begin PBXGroup section */
		1CC1DA1FDD5F6437693F8075 /* Pods */ = {
			isa = PBXGroup;
			children = (
				0261A67A89FF4AA82F2C8279 /* Pods-YueXian.debug.xcconfig */,
				CF17272B7E3C5A6082047B98 /* Pods-YueXian.release.xcconfig */,
			);
			name = Pods;
			sourceTree = "<group>";
		};
		A9B428BB6AB3FABBE67FBE1C /* Frameworks */ = {
			isa = PBXGroup;
			children = (
				A37797343592B19BBCA49F99 /* libPods-YueXian.a */,
			);
			name = Frameworks;
			sourceTree = "<group>";
		};
		CC5961AA1D9E1B9700D43F28 = {
			isa = PBXGroup;
			children = (
				CC5961B51D9E1B9700D43F28 /* YueXian */,
				CC5961B41D9E1B9700D43F28 /* Products */,
				1CC1DA1FDD5F6437693F8075 /* Pods */,
				A9B428BB6AB3FABBE67FBE1C /* Frameworks */,
			);
			sourceTree = "<group>";
		};
		CC5961B41D9E1B9700D43F28 /* Products */ = {
			isa = PBXGroup;
			children = (
				CC5961B31D9E1B9700D43F28 /* YueXian.app */,
			);
			name = Products;
			sourceTree = "<group>";
		};
		CC5961B51D9E1B9700D43F28 /* YueXian */ = {
			isa = PBXGroup;
			children = (
				CC5961D01D9E1D2D00D43F28 /* Controller */,
				CC5961CF1D9E1D1900D43F28 /* View */,
				CC5961CE1D9E1D1000D43F28 /* Mode */,
				CC5961B61D9E1B9700D43F28 /* Supporting Files */,
			);
			path = YueXian;
			sourceTree = "<group>";
		};
		CC5961B61D9E1B9700D43F28 /* Supporting Files */ = {
			isa = PBXGroup;
			children = (
				CC5961C71D9E1B9700D43F28 /* Info.plist */,
				CC5961C21D9E1B9700D43F28 /* Assets.xcassets */,
				CC5961B91D9E1B9700D43F28 /* AppDelegate.h */,
				CC5961BA1D9E1B9700D43F28 /* AppDelegate.m */,
				CC5961B71D9E1B9700D43F28 /* main.m */,
			);
			name = "Supporting Files";
			sourceTree = "<group>";
		};
		CC5961CE1D9E1D1000D43F28 /* Mode */ = {
			isa = PBXGroup;
			children = (
			);
			name = Mode;
			sourceTree = "<group>";
		};
		CC5961CF1D9E1D1900D43F28 /* View */ = {
			isa = PBXGroup;
			children = (
				CC5961BF1D9E1B9700D43F28 /* Main.storyboard */,
				CC5961C41D9E1B9700D43F28 /* LaunchScreen.storyboard */,
			);
			name = View;
			sourceTree = "<group>";
		};
		CC5961D01D9E1D2D00D43F28 /* Controller */ = {
			isa = PBXGroup;
			children = (
				CC5961BC1D9E1B9700D43F28 /* ViewController.h */,
				CC5961BD1D9E1B9700D43F28 /* ViewController.m */,
			);
			name = Controller;
			sourceTree = "<group>";
		};
/* End PBXGroup section */

/* Begin PBXNativeTarget section */
		CC5961B21D9E1B9700D43F28 /* YueXian */ = {
			isa = PBXNativeTarget;
			buildConfigurationList = CC5961CA1D9E1B9700D43F28 /* Build configuration list for PBXNativeTarget "YueXian" */;
			buildPhases = (
				E6FF657E0E28E657C60D7FF9 /* [CP] Check Pods Manifest.lock */,
				CC5961AF1D9E1B9700D43F28 /* Sources */,
				CC5961B01D9E1B9700D43F28 /* Frameworks */,
				CC5961B11D9E1B9700D43F28 /* Resources */,
				29D0B72FCE7EA676B64051FA /* [CP] Embed Pods Frameworks */,
				5FB87A7678831DCB39E4E0CD /* [CP] Copy Pods Resources */,
			);
			buildRules = (
			);
			dependencies = (
			);
			name = YueXian;
			productName = YueXian;
			productReference = CC5961B31D9E1B9700D43F28 /* YueXian.app */;
			productType = "com.apple.product-type.application";
		};
/* End PBXNativeTarget section */

/* Begin PBXProject section */
		CC5961AB1D9E1B9700D43F28 /* Project object */ = {
			isa = PBXProject;
			attributes = {
				LastUpgradeCheck = 0730;
				ORGANIZATIONNAME = "@Mr.Duan";
				TargetAttributes = {
					CC5961B21D9E1B9700D43F28 = {
						CreatedOnToolsVersion = 7.3;
						DevelopmentTeam = 77F9RUD5FL;
					};
				};
			};
			buildConfigurationList = CC5961AE1D9E1B9700D43F28 /* Build configuration list for PBXProject "YueXian" */;
			compatibilityVersion = "Xcode 3.2";
			developmentRegion = English;
			hasScannedForEncodings = 0;
			knownRegions = (
				en,
				Base,
			);
			mainGroup = CC5961AA1D9E1B9700D43F28;
			productRefGroup = CC5961B41D9E1B9700D43F28 /* Products */;
			projectDirPath = "";
			projectRoot = "";
			targets = (
				CC5961B21D9E1B9700D43F28 /* YueXian */,
			);
		};
/* End PBXProject section */

/* Begin PBXResourcesBuildPhase section */
		CC5961B11D9E1B9700D43F28 /* Resources */ = {
			isa = PBXResourcesBuildPhase;
			buildActionMask = 2147483647;
			files = (
				CC5961C61D9E1B9700D43F28 /* LaunchScreen.storyboard in Resources */,
				CC5961C31D9E1B9700D43F28 /* Assets.xcassets in Resources */,
				CC5961C11D9E1B9700D43F28 /* Main.storyboard in Resources */,
			);
			runOnlyForDeploymentPostprocessing = 0;
		};
/* End PBXResourcesBuildPhase section */

/* Begin PBXShellScriptBuildPhase section */
		29D0B72FCE7EA676B64051FA /* [CP] Embed Pods Frameworks */ = {
			isa = PBXShellScriptBuildPhase;
			buildActionMask = 2147483647;
			files = (
			);
			inputPaths = (
			);
			name = "[CP] Embed Pods Frameworks";
			outputPaths = (
			);
			runOnlyForDeploymentPostprocessing = 0;
			shellPath = /bin/sh;
			shellScript = "\"${SRCROOT}/Pods/Target Support Files/Pods-YueXian/Pods-YueXian-frameworks.sh\"\n";
			showEnvVarsInLog = 0;
		};
		5FB87A7678831DCB39E4E0CD /* [CP] Copy Pods Resources */ = {
			isa = PBXShellScriptBuildPhase;
			buildActionMask = 2147483647;
			files = (
			);
			inputPaths = (
			);
			name = "[CP] Copy Pods Resources";
			outputPaths = (
			);
			runOnlyForDeploymentPostprocessing = 0;
			shellPath = /bin/sh;
			shellScript = "\"${SRCROOT}/Pods/Target Support Files/Pods-YueXian/Pods-YueXian-resources.sh\"\n";
			showEnvVarsInLog = 0;
		};
		E6FF657E0E28E657C60D7FF9 /* [CP] Check Pods Manifest.lock */ = {
			isa = PBXShellScriptBuildPhase;
			buildActionMask = 2147483647;
			files = (
			);
			inputPaths = (
			);
			name = "[CP] Check Pods Manifest.lock";
			outputPaths = (
			);
			runOnlyForDeploymentPostprocessing = 0;
			shellPath = /bin/sh;
			shellScript = "diff \"${PODS_ROOT}/../Podfile.lock\" \"${PODS_ROOT}/Manifest.lock\" > /dev/null\nif [[ $? != 0 ]] ; then\n    cat << EOM\nerror: The sandbox is not in sync with the Podfile.lock. Run 'pod install' or update your CocoaPods installation.\nEOM\n    exit 1\nfi\n";
			showEnvVarsInLog = 0;
		};
/* End PBXShellScriptBuildPhase section */

/* Begin PBXSourcesBuildPhase section */
		CC5961AF1D9E1B9700D43F28 /* Sources */ = {
			isa = PBXSourcesBuildPhase;
			buildActionMask = 2147483647;
			files = (
				CC5961BE1D9E1B9700D43F28 /* ViewController.m in Sources */,
				CC5961BB1D9E1B9700D43F28 /* AppDelegate.m in Sources */,
				CC5961B81D9E1B9700D43F28 /* main.m in Sources */,
			);
			runOnlyForDeploymentPostprocessing = 0;
		};
/* End PBXSourcesBuildPhase section */

/* Begin PBXVariantGroup section */
		CC5961BF1D9E1B9700D43F28 /* Main.storyboard */ = {
			isa = PBXVariantGroup;
			children = (
				CC5961C01D9E1B9700D43F28 /* Base */,
			);
			name = Main.storyboard;
			sourceTree = "<group>";
		};
		CC5961C41D9E1B9700D43F28 /* LaunchScreen.storyboard */ = {
			isa = PBXVariantGroup;
			children = (
				CC5961C51D9E1B9700D43F28 /* Base */,
			);
			name = LaunchScreen.storyboard;
			sourceTree = "<group>";
		};
/* End PBXVariantGroup section */

/* Begin XCBuildConfiguration section */
		CC5961C81D9E1B9700D43F28 /* Debug */ = {
			isa = XCBuildConfiguration;
			buildSettings = {
				ALWAYS_SEARCH_USER_PATHS = NO;
				CLANG_ANALYZER_NONNULL = YES;
				CLANG_CXX_LANGUAGE_STANDARD = "gnu++0x";
				CLANG_CXX_LIBRARY = "libc++";
				CLANG_ENABLE_MODULES = YES;
				CLANG_ENABLE_OBJC_ARC = YES;
				CLANG_WARN_BOOL_CONVERSION = YES;
				CLANG_WARN_CONSTANT_CONVERSION = YES;
				CLANG_WARN_DIRECT_OBJC_ISA_USAGE = YES_ERROR;
				CLANG_WARN_EMPTY_BODY = YES;
				CLANG_WARN_ENUM_CONVERSION = YES;
				CLANG_WARN_INT_CONVERSION = YES;
				CLANG_WARN_OBJC_ROOT_CLASS = YES_ERROR;
				CLANG_WARN_UNREACHABLE_CODE = YES;
				CLANG_WARN__DUPLICATE_METHOD_MATCH = YES;
				"CODE_SIGN_IDENTITY[sdk=iphoneos*]" = "iPhone Developer";
				COPY_PHASE_STRIP = NO;
				DEBUG_INFORMATION_FORMAT = dwarf;
				ENABLE_STRICT_OBJC_MSGSEND = YES;
				ENABLE_TESTABILITY = YES;
				GCC_C_LANGUAGE_STANDARD = gnu99;
				GCC_DYNAMIC_NO_PIC = NO;
				GCC_NO_COMMON_BLOCKS = YES;
				GCC_OPTIMIZATION_LEVEL = 0;
				GCC_PREPROCESSOR_DEFINITIONS = (
					"DEBUG=1",
					"$(inherited)",
				);
				GCC_WARN_64_TO_32_BIT_CONVERSION = YES;
				GCC_WARN_ABOUT_RETURN_TYPE = YES_ERROR;
				GCC_WARN_UNDECLARED_SELECTOR = YES;
				GCC_WARN_UNINITIALIZED_AUTOS = YES_AGGRESSIVE;
				GCC_WARN_UNUSED_FUNCTION = YES;
				GCC_WARN_UNUSED_VARIABLE = YES;
				IPHONEOS_DEPLOYMENT_TARGET = 9.3;
				MTL_ENABLE_DEBUG_INFO = YES;
				ONLY_ACTIVE_ARCH = YES;
				SDKROOT = iphoneos;
			};
			name = Debug;
		};
		CC5961C91D9E1B9700D43F28 /* Release */ = {
			isa = XCBuildConfiguration;
			buildSettings = {
				ALWAYS_SEARCH_USER_PATHS = NO;
				CLANG_ANALYZER_NONNULL = YES;
				CLANG_CXX_LANGUAGE_STANDARD = "gnu++0x";
				CLANG_CXX_LIBRARY = "libc++";
				CLANG_ENABLE_MODULES = YES;
				CLANG_ENABLE_OBJC_ARC = YES;
				CLANG_WARN_BOOL_CONVERSION = YES;
				CLANG_WARN_CONSTANT_CONVERSION = YES;
				CLANG_WARN_DIRECT_OBJC_ISA_USAGE = YES_ERROR;
				CLANG_WARN_EMPTY_BODY = YES;
				CLANG_WARN_ENUM_CONVERSION = YES;
				CLANG_WARN_INT_CONVERSION = YES;
				CLANG_WARN_OBJC_ROOT_CLASS = YES_ERROR;
				CLANG_WARN_UNREACHABLE_CODE = YES;
				CLANG_WARN__DUPLICATE_METHOD_MATCH = YES;
				"CODE_SIGN_IDENTITY[sdk=iphoneos*]" = "iPhone Developer";
				COPY_PHASE_STRIP = NO;
				DEBUG_INFORMATION_FORMAT = "dwarf-with-dsym";
				ENABLE_NS_ASSERTIONS = NO;
				ENABLE_STRICT_OBJC_MSGSEND = YES;
				GCC_C_LANGUAGE_STANDARD = gnu99;
				GCC_NO_COMMON_BLOCKS = YES;
				GCC_WARN_64_TO_32_BIT_CONVERSION = YES;
				GCC_WARN_ABOUT_RETURN_TYPE = YES_ERROR;
				GCC_WARN_UNDECLARED_SELECTOR = YES;
				GCC_WARN_UNINITIALIZED_AUTOS = YES_AGGRESSIVE;
				GCC_WARN_UNUSED_FUNCTION = YES;
				GCC_WARN_UNUSED_VARIABLE = YES;
				IPHONEOS_DEPLOYMENT_TARGET = 9.3;
				MTL_ENABLE_DEBUG_INFO = NO;
				SDKROOT = iphoneos;
				VALIDATE_PRODUCT = YES;
			};
			name = Release;
		};
		CC5961CB1D9E1B9700D43F28 /* Debug */ = {
			isa = XCBuildConfiguration;
			baseConfigurationReference = 0261A67A89FF4AA82F2C8279 /* Pods-YueXian.debug.xcconfig */;
			buildSettings = {
				ASSETCATALOG_COMPILER_APPICON_NAME = AppIcon;
				CODE_SIGN_IDENTITY = "iPhone Developer";
				INFOPLIST_FILE = YueXian/Info.plist;
				LD_RUNPATH_SEARCH_PATHS = "$(inherited) @executable_path/Frameworks";
				PRODUCT_BUNDLE_IDENTIFIER = "Mr-DuPeng-163.com.YueXian";
				PRODUCT_NAME = "$(TARGET_NAME)";
			};
			name = Debug;
		};
		CC5961CC1D9E1B9700D43F28 /* Release */ = {
			isa = XCBuildConfiguration;
			baseConfigurationReference = CF17272B7E3C5A6082047B98 /* Pods-YueXian.release.xcconfig */;
			buildSettings = {
				ASSETCATALOG_COMPILER_APPICON_NAME = AppIcon;
				CODE_SIGN_IDENTITY = "iPhone Developer";
				INFOPLIST_FILE = YueXian/Info.plist;
				LD_RUNPATH_SEARCH_PATHS = "$(inherited) @executable_path/Frameworks";
				PRODUCT_BUNDLE_IDENTIFIER = "Mr-DuPeng-163.com.YueXian";
				PRODUCT_NAME = "$(TARGET_NAME)";
			};
			name = Release;
		};
/* End XCBuildConfiguration section */

/* Begin XCConfigurationList section */
		CC5961AE1D9E1B9700D43F28 /* Build configuration list for PBXProject "YueXian" */ = {
			isa = XCConfigurationList;
			buildConfigurations = (
				CC5961C81D9E1B9700D43F28 /* Debug */,
				CC5961C91D9E1B9700D43F28 /* Release */,
			);
			defaultConfigurationIsVisible = 0;
			defaultConfigurationName = Release;
		};
		CC5961CA1D9E1B9700D43F28 /* Build configuration list for PBXNativeTarget "YueXian" */ = {
			isa = XCConfigurationList;
			buildConfigurations = (
				CC5961CB1D9E1B9700D43F28 /* Debug */,
				CC5961CC1D9E1B9700D43F28 /* Release */,
			);
			defaultConfigurationIsVisible = 0;
			defaultConfigurationName = Release;
		};
/* End XCConfigurationList section */
	};
	rootObject = CC5961AB1D9E1B9700D43F28 /* Project object */;
}
